
Microsoft Visual Studio Solution File, Format Version 10.00
# Visual Studio 2008
Project("{8BC9CEB8-8B4A-11D0-8D11-00A0C91BC942}") = "OSGDemo", "OSGDemo\OSGDemo.vcproj", "{53FB8A99-4B65-4A10-A6C9-E0B851207C87}"
EndProject
Project("{8BC9CEB8-8B4A-11D0-8D11-00A0C91BC942}") = "Widget3D", "Widget3D\Widget3D.vcproj", "{A6D3906A-2835-4285-99EA-BC571B1D371A}"
EndProject
Project("{8BC9CEB8-8B4A-11D0-8D11-00A0C91BC942}") = "Animation", "Animation\Animation.vcproj", "{6D2CC9F1-E09E-48F4-8415-16AE27FBDC9C}"
EndProject
Project("{8BC9CEB8-8B4A-11D0-8D11-00A0C91BC942}") = "PickTools", "PickTools\PickTools.vcproj", "{0CD6D456-EC22-494E-91BA-DEF7F3157F15}"
EndProject
Project("{8BC9CEB8-8B4A-11D0-8D11-00A0C91BC942}") = "ModelTools", "ModelTools\ModelTools.vcproj", "{287C81EB-B642-41A3-8728-D4FB3C797799}"
EndProject
Project("{8BC9CEB8-8B4A-11D0-8D11-00A0C91BC942}") = "BaseTools", "BaseTools\BaseTools.vcproj", "{FF77B6C1-D0D3-40B8-A286-0CA733DA4378}"
EndProject
Global
	GlobalSection(SolutionConfigurationPlatforms) = preSolution
		Debug|Win32 = Debug|Win32
		Release|Win32 = Release|Win32
	EndGlobalSection
	GlobalSection(ProjectConfigurationPlatforms) = postSolution
		{53FB8A99-4B65-4A10-A6C9-E0B851207C87}.Debug|Win32.ActiveCfg = Debug|Win32
		{53FB8A99-4B65-4A10-A6C9-E0B851207C87}.Debug|Win32.Build.0 = Debug|Win32
		{53FB8A99-4B65-4A10-A6C9-E0B851207C87}.Release|Win32.ActiveCfg = Release|Win32
		{53FB8A99-4B65-4A10-A6C9-E0B851207C87}.Release|Win32.Build.0 = Release|Win32
		{A6D3906A-2835-4285-99EA-BC571B1D371A}.Debug|Win32.ActiveCfg = Debug|Win32
		{A6D3906A-2835-4285-99EA-BC571B1D371A}.Debug|Win32.Build.0 = Debug|Win32
		{A6D3906A-2835-4285-99EA-BC571B1D371A}.Release|Win32.ActiveCfg = Release|Win32
		{A6D3906A-2835-4285-99EA-BC571B1D371A}.Release|Win32.Build.0 = Release|Win32
		{6D2CC9F1-E09E-48F4-8415-16AE27FBDC9C}.Debug|Win32.ActiveCfg = Debug|Win32
		{6D2CC9F1-E09E-48F4-8415-16AE27FBDC9C}.Debug|Win32.Build.0 = Debug|Win32
		{6D2CC9F1-E09E-48F4-8415-16AE27FBDC9C}.Release|Win32.ActiveCfg = Release|Win32
		{6D2CC9F1-E09E-48F4-8415-16AE27FBDC9C}.Release|Win32.Build.0 = Release|Win32
		{0CD6D456-EC22-494E-91BA-DEF7F3157F15}.Debug|Win32.ActiveCfg = Debug|Win32
		{0CD6D456-EC22-494E-91BA-DEF7F3157F15}.Debug|Win32.Build.0 = Debug|Win32
		{0CD6D456-EC22-494E-91BA-DEF7F3157F15}.Release|Win32.ActiveCfg = Release|Win32
		{0CD6D456-EC22-494E-91BA-DEF7F3157F15}.Release|Win32.Build.0 = Release|Win32
		{287C81EB-B642-41A3-8728-D4FB3C797799}.Debug|Win32.ActiveCfg = Debug|Win32
		{287C81EB-B642-41A3-8728-D4FB3C797799}.Debug|Win32.Build.0 = Debug|Win32
		{287C81EB-B642-41A3-8728-D4FB3C797799}.Release|Win32.ActiveCfg = Release|Win32
		{287C81EB-B642-41A3-8728-D4FB3C797799}.Release|Win32.Build.0 = Release|Win32
		{FF77B6C1-D0D3-40B8-A286-0CA733DA4378}.Debug|Win32.ActiveCfg = Debug|Win32
		{FF77B6C1-D0D3-40B8-A286-0CA733DA4378}.Debug|Win32.Build.0 = Debug|Win32
		{FF77B6C1-D0D3-40B8-A286-0CA733DA4378}.Release|Win32.ActiveCfg = Release|Win32
		{FF77B6C1-D0D3-40B8-A286-0CA733DA4378}.Release|Win32.Build.0 = Release|Win32
	EndGlobalSection
	GlobalSection(SolutionProperties) = preSolution
		HideSolutionNode = FALSE
	EndGlobalSection
EndGlobal
